<?xml version="1.0" encoding="utf-8"?>
<Project ToolsVersion="4.0" xmlns="http://schemas.microsoft.com/developer/msbuild/2003">
  <ItemGroup>
    <Filter Include="Source">
      <UniqueIdentifier>{56EB95D1-428D-C0A7-2B48-D4FB178947F8}</UniqueIdentifier>
    </Filter>
    <Filter Include="Source\Uni">
      <UniqueIdentifier>{51E4C236-3D9C-0484-A6A3-DDDF927A9F74}</UniqueIdentifier>
    </Filter>
    <Filter Include="Source\Uni\Base">
      <UniqueIdentifier>{7B9B9B58-E726-091D-F037-8C115C42651D}</UniqueIdentifier>
    </Filter>
    <Filter Include="Source\Uni\Binding">
      <UniqueIdentifier>{FB384DBE-E71C-0E14-507D-08673C80F895}</UniqueIdentifier>
    </Filter>
    <Filter Include="Source\Uni\Syntax">
      <UniqueIdentifier>{E7F34717-530A-46AD-9C81-D1CE08D71635}</UniqueIdentifier>
    </Filter>
    <Filter Include="Source\Uni\Utils">
      <UniqueIdentifier>{711E716D-5D17-90BF-8649-754472A16FCB}</UniqueIdentifier>
    </Filter>
    <Filter Include="Source\Uni\VM">
      <UniqueIdentifier>{03A2B554-6F62-318B-389D-7A08A41C7667}</UniqueIdentifier>
    </Filter>
    <Filter Include="Vendor">
      <UniqueIdentifier>{935FDCD7-7F01-07AE-68BC-1A0254FD8DFE}</UniqueIdentifier>
    </Filter>
    <Filter Include="Vendor\Serializer">
      <UniqueIdentifier>{BCA26294-28B9-602A-7130-EC4BDD8531B2}</UniqueIdentifier>
    </Filter>
    <Filter Include="Vendor\Stb">
      <UniqueIdentifier>{4B277327-37DF-B474-A0E6-8DD08CBD4F65}</UniqueIdentifier>
    </Filter>
    <Filter Include="Vendor\Tools">
      <UniqueIdentifier>{53C6E9D0-3F29-7975-E8AE-B12BD4F044F8}</UniqueIdentifier>
    </Filter>
  </ItemGroup>
  <ItemGroup>
    <ClInclude Include="Source\My\Base\Config.h">
      <Filter>Source\Uni\Base</Filter>
    </ClInclude>
    <ClInclude Include="Source\My\Base\Core.h">
      <Filter>Source\Uni\Base</Filter>
    </ClInclude>
    <ClInclude Include="Source\My\Base\IO.h">
      <Filter>Source\Uni\Base</Filter>
    </ClInclude>
    <ClInclude Include="Source\My\Binding\BoundTree.h">
      <Filter>Source\Uni\Binding</Filter>
    </ClInclude>
    <ClInclude Include="Source\My\Binding\ControlFlowGraph.h">
      <Filter>Source\Uni\Binding</Filter>
    </ClInclude>
    <ClInclude Include="Source\My\Binding\Lowerer.h">
      <Filter>Source\Uni\Binding</Filter>
    </ClInclude>
    <ClInclude Include="Source\My\Object.h">
      <Filter>Source\Uni</Filter>
    </ClInclude>
    <ClInclude Include="Source\My\Syntax\Text.h">
      <Filter>Source\Uni\Syntax</Filter>
    </ClInclude>
    <ClInclude Include="Source\My\Syntax\Tree.h">
      <Filter>Source\Uni\Syntax</Filter>
    </ClInclude>
    <ClInclude Include="Source\My\Utils\Utils.h">
      <Filter>Source\Uni\Utils</Filter>
    </ClInclude>
    <ClInclude Include="Source\My\VM\Builtins.h">
      <Filter>Source\Uni\VM</Filter>
    </ClInclude>
    <ClInclude Include="Source\My\VM\Compiler.h">
      <Filter>Source\Uni\VM</Filter>
    </ClInclude>
    <ClInclude Include="Source\My\VM\Emitter.h">
      <Filter>Source\Uni\VM</Filter>
    </ClInclude>
    <ClInclude Include="Source\My\VM\VM.h">
      <Filter>Source\Uni\VM</Filter>
    </ClInclude>
    <ClInclude Include="Vendor\Serializer\PnBinarySerializer.hpp">
      <Filter>Vendor\Serializer</Filter>
    </ClInclude>
    <ClInclude Include="Vendor\Stb\stb_ds.h" />
    <ClInclude Include="Source\My\My.h" />
  </ItemGroup>
  <ItemGroup>
    <ClCompile Include="Source\My\Base\Core.cpp">
      <Filter>Source\Uni\Base</Filter>
    </ClCompile>
    <ClCompile Include="Source\My\Base\IO.cpp">
      <Filter>Source\Uni\Base</Filter>
    </ClCompile>
    <ClCompile Include="Source\My\Binding\Bind.cpp">
      <Filter>Source\Uni\Binding</Filter>
    </ClCompile>
    <ClCompile Include="Source\My\Binding\ControlFlowGraph.cpp">
      <Filter>Source\Uni\Binding</Filter>
    </ClCompile>
    <ClCompile Include="Source\My\Binding\Lowerer.cpp">
      <Filter>Source\Uni\Binding</Filter>
    </ClCompile>
    <ClCompile Include="Source\My\Object.cpp">
      <Filter>Source\Uni</Filter>
    </ClCompile>
    <ClCompile Include="Source\My\Syntax\Parse.cpp">
      <Filter>Source\Uni\Syntax</Filter>
    </ClCompile>
    <ClCompile Include="Source\My\Syntax\Text.cpp">
      <Filter>Source\Uni\Syntax</Filter>
    </ClCompile>
    <ClCompile Include="Source\My\Utils\Utils.cpp">
      <Filter>Source\Uni\Utils</Filter>
    </ClCompile>
    <ClCompile Include="Source\My\VM\Builtins.cpp">
      <Filter>Source\Uni\VM</Filter>
    </ClCompile>
    <ClCompile Include="Source\My\VM\Compiler.cpp">
      <Filter>Source\Uni\VM</Filter>
    </ClCompile>
    <ClCompile Include="Source\My\VM\Emitter.cpp">
      <Filter>Source\Uni\VM</Filter>
    </ClCompile>
    <ClCompile Include="Source\My\VM\VM.cpp">
      <Filter>Source\Uni\VM</Filter>
    </ClCompile>
    <ClCompile Include="Vendor\Serializer\PnBinarySerializer.cpp">
      <Filter>Vendor\Serializer</Filter>
    </ClCompile>
    <ClCompile Include="Vendor\Stb\stb_ds.cpp" />
    <ClCompile Include="Source\My\My.cpp" />
  </ItemGroup>
</Project>